// !$*UTF8*$!
{
	archiveVersion = 1;
	classes = {
	};
	objectVersion = 55;
	objects = {

/* Begin PBXBuildFile section */
		DE531A142848C1EC00383973 /* AppDelegate.swift in Sources */ = {isa = PBXBuildFile; fileRef = DE531A132848C1EC00383973 /* AppDelegate.swift */; };
		DE531A162848C1EC00383973 /* SceneDelegate.swift in Sources */ = {isa = PBXBuildFile; fileRef = DE531A152848C1EC00383973 /* SceneDelegate.swift */; };
		DE531A182848C1EC00383973 /* AppListViewController.swift in Sources */ = {isa = PBXBuildFile; fileRef = DE531A172848C1EC00383973 /* AppListViewController.swift */; };
		DE531A1D2848C1EC00383973 /* Assets.xcassets in Resources */ = {isa = PBXBuildFile; fileRef = DE531A1C2848C1EC00383973 /* Assets.xcassets */; };
		DE531A202848C1EC00383973 /* LaunchScreen.storyboard in Resources */ = {isa = PBXBuildFile; fileRef = DE531A1E2848C1EC00383973 /* LaunchScreen.storyboard */; };
		DE531A292848C33300383973 /* RxCocoa in Frameworks */ = {isa = PBXBuildFile; productRef = DE531A282848C33300383973 /* RxCocoa */; };
		DE531A2B2848C33300383973 /* RxSwift in Frameworks */ = {isa = PBXBuildFile; productRef = DE531A2A2848C33300383973 /* RxSwift */; };
		DE531A332848E5A700383973 /* NetworkProvider.swift in Sources */ = {isa = PBXBuildFile; fileRef = DE531A322848E5A700383973 /* NetworkProvider.swift */; };
		DE531A372848E68B00383973 /* URLRequest+Initializer.swift in Sources */ = {isa = PBXBuildFile; fileRef = DE531A362848E68B00383973 /* URLRequest+Initializer.swift */; };
		DE531A392848E6A700383973 /* URLSessionProtocol.swift in Sources */ = {isa = PBXBuildFile; fileRef = DE531A382848E6A700383973 /* URLSessionProtocol.swift */; };
		DE531A3B2848E6AD00383973 /* BaseURLProtocol.swift in Sources */ = {isa = PBXBuildFile; fileRef = DE531A3A2848E6AD00383973 /* BaseURLProtocol.swift */; };
		DE531A3D2848E6B200383973 /* APIProtocol.swift in Sources */ = {isa = PBXBuildFile; fileRef = DE531A3C2848E6B200383973 /* APIProtocol.swift */; };
		DE531A402848E7AF00383973 /* JSONParser.swift in Sources */ = {isa = PBXBuildFile; fileRef = DE531A3F2848E7AF00383973 /* JSONParser.swift */; };
		DE531A422848E8CE00383973 /* AppStoreURL.swift in Sources */ = {isa = PBXBuildFile; fileRef = DE531A412848E8CE00383973 /* AppStoreURL.swift */; };
		DE531A4A28490DA500383973 /* ListCell.swift in Sources */ = {isa = PBXBuildFile; fileRef = DE531A4928490DA500383973 /* ListCell.swift */; };
		DE531A4D2849119400383973 /* SearchResult.swift in Sources */ = {isa = PBXBuildFile; fileRef = DE531A4C2849119400383973 /* SearchResult.swift */; };
		DE531A4F2849121A00383973 /* App.swift in Sources */ = {isa = PBXBuildFile; fileRef = DE531A4E2849121A00383973 /* App.swift */; };
		DE531A5128499CE500383973 /* UIImageView+Load+Cache.swift in Sources */ = {isa = PBXBuildFile; fileRef = DE531A5028499CE500383973 /* UIImageView+Load+Cache.swift */; };
		DE531A5328499CFE00383973 /* ImageCacheManager.swift in Sources */ = {isa = PBXBuildFile; fileRef = DE531A5228499CFE00383973 /* ImageCacheManager.swift */; };
		DE531A5528499ED200383973 /* Int+OmitDigit.swift in Sources */ = {isa = PBXBuildFile; fileRef = DE531A5428499ED200383973 /* Int+OmitDigit.swift */; };
		DE531A572849A96300383973 /* ListCellViewModel.swift in Sources */ = {isa = PBXBuildFile; fileRef = DE531A562849A96300383973 /* ListCellViewModel.swift */; };
		DE531A5B2849BA9600383973 /* AppListViewModel.swift in Sources */ = {isa = PBXBuildFile; fileRef = DE531A5A2849BA9600383973 /* AppListViewModel.swift */; };
		DE531A632849C7CE00383973 /* AppListViewModelTests.swift in Sources */ = {isa = PBXBuildFile; fileRef = DE531A622849C7CE00383973 /* AppListViewModelTests.swift */; };
		DE531A6B2849C80900383973 /* MockURLSession.swift in Sources */ = {isa = PBXBuildFile; fileRef = DE531A6A2849C80900383973 /* MockURLSession.swift */; };
		DE531A6F2849C8D300383973 /* MockNetworkProviderTests.swift in Sources */ = {isa = PBXBuildFile; fileRef = DE531A6E2849C8D300383973 /* MockNetworkProviderTests.swift */; };
		DE531A712849CB3A00383973 /* JSONParserTests.swift in Sources */ = {isa = PBXBuildFile; fileRef = DE531A702849CB3A00383973 /* JSONParserTests.swift */; };
		DE531A732849CDB500383973 /* MockSearchResult.json in Resources */ = {isa = PBXBuildFile; fileRef = DE531A722849CDB500383973 /* MockSearchResult.json */; };
		DEA468FC284B238700746133 /* FlowCoordinator.swift in Sources */ = {isa = PBXBuildFile; fileRef = DEA468FB284B238700746133 /* FlowCoordinator.swift */; };
		DEA468FE284B23A500746133 /* Coordinator.swift in Sources */ = {isa = PBXBuildFile; fileRef = DEA468FD284B23A500746133 /* Coordinator.swift */; };
		DEA46902284B2A1D00746133 /* AppListViewAction.swift in Sources */ = {isa = PBXBuildFile; fileRef = DEA46901284B2A1D00746133 /* AppListViewAction.swift */; };
		DEA46907284B2B7F00746133 /* AppDetailViewController.swift in Sources */ = {isa = PBXBuildFile; fileRef = DEA46906284B2B7F00746133 /* AppDetailViewController.swift */; };
		DEA46909284B449400746133 /* AppDetailViewModel.swift in Sources */ = {isa = PBXBuildFile; fileRef = DEA46908284B449400746133 /* AppDetailViewModel.swift */; };
		DEA4690D284B9AD800746133 /* TitleStackView.swift in Sources */ = {isa = PBXBuildFile; fileRef = DEA4690C284B9AD800746133 /* TitleStackView.swift */; };
		DEA46913284BADA000746133 /* UICollectionView+Register.swift in Sources */ = {isa = PBXBuildFile; fileRef = DEA46912284BADA000746133 /* UICollectionView+Register.swift */; };
		DEA46915284C298200746133 /* SummaryScrollView.swift in Sources */ = {isa = PBXBuildFile; fileRef = DEA46914284C298200746133 /* SummaryScrollView.swift */; };
		DEA46917284C4FAB00746133 /* ScreenshotCell.swift in Sources */ = {isa = PBXBuildFile; fileRef = DEA46916284C4FAB00746133 /* ScreenshotCell.swift */; };
/* End PBXBuildFile section */

/* Begin PBXContainerItemProxy section */
		DE531A642849C7CE00383973 /* PBXContainerItemProxy */ = {
			isa = PBXContainerItemProxy;
			containerPortal = DE531A082848C1EC00383973 /* Project object */;
			proxyType = 1;
			remoteGlobalIDString = DE531A0F2848C1EC00383973;
			remoteInfo = AppStoreClone;
		};
/* End PBXContainerItemProxy section */

/* Begin PBXFileReference section */
		DE531A102848C1EC00383973 /* AppStoreClone.app */ = {isa = PBXFileReference; explicitFileType = wrapper.application; includeInIndex = 0; path = AppStoreClone.app; sourceTree = BUILT_PRODUCTS_DIR; };
		DE531A132848C1EC00383973 /* AppDelegate.swift */ = {isa = PBXFileReference; lastKnownFileType = sourcecode.swift; path = AppDelegate.swift; sourceTree = "<group>"; };
		DE531A152848C1EC00383973 /* SceneDelegate.swift */ = {isa = PBXFileReference; lastKnownFileType = sourcecode.swift; path = SceneDelegate.swift; sourceTree = "<group>"; };
		DE531A172848C1EC00383973 /* AppListViewController.swift */ = {isa = PBXFileReference; lastKnownFileType = sourcecode.swift; path = AppListViewController.swift; sourceTree = "<group>"; };
		DE531A1C2848C1EC00383973 /* Assets.xcassets */ = {isa = PBXFileReference; lastKnownFileType = folder.assetcatalog; path = Assets.xcassets; sourceTree = "<group>"; };
		DE531A1F2848C1EC00383973 /* Base */ = {isa = PBXFileReference; lastKnownFileType = file.storyboard; name = Base; path = Base.lproj/LaunchScreen.storyboard; sourceTree = "<group>"; };
		DE531A212848C1EC00383973 /* Info.plist */ = {isa = PBXFileReference; lastKnownFileType = text.plist.xml; path = Info.plist; sourceTree = "<group>"; };
		DE531A322848E5A700383973 /* NetworkProvider.swift */ = {isa = PBXFileReference; fileEncoding = 4; lastKnownFileType = sourcecode.swift; path = NetworkProvider.swift; sourceTree = "<group>"; };
		DE531A362848E68B00383973 /* URLRequest+Initializer.swift */ = {isa = PBXFileReference; fileEncoding = 4; lastKnownFileType = sourcecode.swift; path = "URLRequest+Initializer.swift"; sourceTree = "<group>"; };
		DE531A382848E6A700383973 /* URLSessionProtocol.swift */ = {isa = PBXFileReference; fileEncoding = 4; lastKnownFileType = sourcecode.swift; path = URLSessionProtocol.swift; sourceTree = "<group>"; };
		DE531A3A2848E6AD00383973 /* BaseURLProtocol.swift */ = {isa = PBXFileReference; fileEncoding = 4; lastKnownFileType = sourcecode.swift; path = BaseURLProtocol.swift; sourceTree = "<group>"; };
		DE531A3C2848E6B200383973 /* APIProtocol.swift */ = {isa = PBXFileReference; fileEncoding = 4; lastKnownFileType = sourcecode.swift; path = APIProtocol.swift; sourceTree = "<group>"; };
		DE531A3F2848E7AF00383973 /* JSONParser.swift */ = {isa = PBXFileReference; fileEncoding = 4; lastKnownFileType = sourcecode.swift; path = JSONParser.swift; sourceTree = "<group>"; };
		DE531A412848E8CE00383973 /* AppStoreURL.swift */ = {isa = PBXFileReference; lastKnownFileType = sourcecode.swift; path = AppStoreURL.swift; sourceTree = "<group>"; };
		DE531A4928490DA500383973 /* ListCell.swift */ = {isa = PBXFileReference; lastKnownFileType = sourcecode.swift; path = ListCell.swift; sourceTree = "<group>"; };
		DE531A4C2849119400383973 /* SearchResult.swift */ = {isa = PBXFileReference; lastKnownFileType = sourcecode.swift; path = SearchResult.swift; sourceTree = "<group>"; };
		DE531A4E2849121A00383973 /* App.swift */ = {isa = PBXFileReference; lastKnownFileType = sourcecode.swift; path = App.swift; sourceTree = "<group>"; };
		DE531A5028499CE500383973 /* UIImageView+Load+Cache.swift */ = {isa = PBXFileReference; fileEncoding = 4; lastKnownFileType = sourcecode.swift; path = "UIImageView+Load+Cache.swift"; sourceTree = "<group>"; };
		DE531A5228499CFE00383973 /* ImageCacheManager.swift */ = {isa = PBXFileReference; fileEncoding = 4; lastKnownFileType = sourcecode.swift; path = ImageCacheManager.swift; sourceTree = "<group>"; };
		DE531A5428499ED200383973 /* Int+OmitDigit.swift */ = {isa = PBXFileReference; lastKnownFileType = sourcecode.swift; path = "Int+OmitDigit.swift"; sourceTree = "<group>"; };
		DE531A562849A96300383973 /* ListCellViewModel.swift */ = {isa = PBXFileReference; lastKnownFileType = sourcecode.swift; path = ListCellViewModel.swift; sourceTree = "<group>"; };
		DE531A5A2849BA9600383973 /* AppListViewModel.swift */ = {isa = PBXFileReference; lastKnownFileType = sourcecode.swift; path = AppListViewModel.swift; sourceTree = "<group>"; };
		DE531A602849C7CE00383973 /* AppStoreCloneTests.xctest */ = {isa = PBXFileReference; explicitFileType = wrapper.cfbundle; includeInIndex = 0; path = AppStoreCloneTests.xctest; sourceTree = BUILT_PRODUCTS_DIR; };
		DE531A622849C7CE00383973 /* AppListViewModelTests.swift */ = {isa = PBXFileReference; lastKnownFileType = sourcecode.swift; path = AppListViewModelTests.swift; sourceTree = "<group>"; };
		DE531A6A2849C80900383973 /* MockURLSession.swift */ = {isa = PBXFileReference; lastKnownFileType = sourcecode.swift; path = MockURLSession.swift; sourceTree = "<group>"; };
		DE531A6E2849C8D300383973 /* MockNetworkProviderTests.swift */ = {isa = PBXFileReference; lastKnownFileType = sourcecode.swift; path = MockNetworkProviderTests.swift; sourceTree = "<group>"; };
		DE531A702849CB3A00383973 /* JSONParserTests.swift */ = {isa = PBXFileReference; fileEncoding = 4; lastKnownFileType = sourcecode.swift; path = JSONParserTests.swift; sourceTree = "<group>"; };
		DE531A722849CDB500383973 /* MockSearchResult.json */ = {isa = PBXFileReference; fileEncoding = 4; lastKnownFileType = text.json; path = MockSearchResult.json; sourceTree = "<group>"; };
		DEA468FB284B238700746133 /* FlowCoordinator.swift */ = {isa = PBXFileReference; lastKnownFileType = sourcecode.swift; path = FlowCoordinator.swift; sourceTree = "<group>"; };
		DEA468FD284B23A500746133 /* Coordinator.swift */ = {isa = PBXFileReference; lastKnownFileType = sourcecode.swift; path = Coordinator.swift; sourceTree = "<group>"; };
		DEA46901284B2A1D00746133 /* AppListViewAction.swift */ = {isa = PBXFileReference; lastKnownFileType = sourcecode.swift; path = AppListViewAction.swift; sourceTree = "<group>"; };
		DEA46906284B2B7F00746133 /* AppDetailViewController.swift */ = {isa = PBXFileReference; lastKnownFileType = sourcecode.swift; path = AppDetailViewController.swift; sourceTree = "<group>"; };
		DEA46908284B449400746133 /* AppDetailViewModel.swift */ = {isa = PBXFileReference; lastKnownFileType = sourcecode.swift; path = AppDetailViewModel.swift; sourceTree = "<group>"; };
		DEA4690C284B9AD800746133 /* TitleStackView.swift */ = {isa = PBXFileReference; lastKnownFileType = sourcecode.swift; path = TitleStackView.swift; sourceTree = "<group>"; };
		DEA46912284BADA000746133 /* UICollectionView+Register.swift */ = {isa = PBXFileReference; lastKnownFileType = sourcecode.swift; path = "UICollectionView+Register.swift"; sourceTree = "<group>"; };
		DEA46914284C298200746133 /* SummaryScrollView.swift */ = {isa = PBXFileReference; lastKnownFileType = sourcecode.swift; path = SummaryScrollView.swift; sourceTree = "<group>"; };
		DEA46916284C4FAB00746133 /* ScreenshotCell.swift */ = {isa = PBXFileReference; lastKnownFileType = sourcecode.swift; path = ScreenshotCell.swift; sourceTree = "<group>"; };
/* End PBXFileReference section */

/* Begin PBXFrameworksBuildPhase section */
		DE531A0D2848C1EC00383973 /* Frameworks */ = {
			isa = PBXFrameworksBuildPhase;
			buildActionMask = 2147483647;
			files = (
				DE531A2B2848C33300383973 /* RxSwift in Frameworks */,
				DE531A292848C33300383973 /* RxCocoa in Frameworks */,
			);
			runOnlyForDeploymentPostprocessing = 0;
		};
		DE531A5D2849C7CE00383973 /* Frameworks */ = {
			isa = PBXFrameworksBuildPhase;
			buildActionMask = 2147483647;
			files = (
			);
			runOnlyForDeploymentPostprocessing = 0;
		};
/* End PBXFrameworksBuildPhase section */

/* Begin PBXGroup section */
		DE531A072848C1EC00383973 = {
			isa = PBXGroup;
			children = (
				DE531A122848C1EC00383973 /* AppStoreClone */,
				DE531A612849C7CE00383973 /* AppStoreCloneTests */,
				DE531A112848C1EC00383973 /* Products */,
			);
			sourceTree = "<group>";
		};
		DE531A112848C1EC00383973 /* Products */ = {
			isa = PBXGroup;
			children = (
				DE531A102848C1EC00383973 /* AppStoreClone.app */,
				DE531A602849C7CE00383973 /* AppStoreCloneTests.xctest */,
			);
			name = Products;
			sourceTree = "<group>";
		};
		DE531A122848C1EC00383973 /* AppStoreClone */ = {
			isa = PBXGroup;
			children = (
				DE531A2C2848C7B800383973 /* App */,
				DE531A2D2848C7D700383973 /* Presentation */,
				DE531A302848E56000383973 /* Network */,
				DE531A4B2849115400383973 /* Model */,
				DE531A342848E63300383973 /* Protocol */,
				DE531A3E2848E79700383973 /* Utility */,
				DE531A352848E67000383973 /* Extension */,
				DE531A312848E56E00383973 /* Resource */,
				DE531A212848C1EC00383973 /* Info.plist */,
			);
			path = AppStoreClone;
			sourceTree = "<group>";
		};
		DE531A2C2848C7B800383973 /* App */ = {
			isa = PBXGroup;
			children = (
				DE531A132848C1EC00383973 /* AppDelegate.swift */,
				DE531A152848C1EC00383973 /* SceneDelegate.swift */,
			);
			path = App;
			sourceTree = "<group>";
		};
		DE531A2D2848C7D700383973 /* Presentation */ = {
			isa = PBXGroup;
			children = (
				DEA468FB284B238700746133 /* FlowCoordinator.swift */,
				DE531A2E2848C7F700383973 /* AppList */,
				DEA46903284B2B3C00746133 /* AppDetail */,
			);
			path = Presentation;
			sourceTree = "<group>";
		};
		DE531A2E2848C7F700383973 /* AppList */ = {
			isa = PBXGroup;
			children = (
				DE531A442848FD8900383973 /* View */,
				DE531A432848FD8100383973 /* ViewModel */,
			);
			path = AppList;
			sourceTree = "<group>";
		};
		DE531A302848E56000383973 /* Network */ = {
			isa = PBXGroup;
			children = (
				DE531A322848E5A700383973 /* NetworkProvider.swift */,
				DE531A412848E8CE00383973 /* AppStoreURL.swift */,
			);
			path = Network;
			sourceTree = "<group>";
		};
		DE531A312848E56E00383973 /* Resource */ = {
			isa = PBXGroup;
			children = (
				DE531A1C2848C1EC00383973 /* Assets.xcassets */,
				DE531A1E2848C1EC00383973 /* LaunchScreen.storyboard */,
			);
			path = Resource;
			sourceTree = "<group>";
		};
		DE531A342848E63300383973 /* Protocol */ = {
			isa = PBXGroup;
			children = (
				DE531A382848E6A700383973 /* URLSessionProtocol.swift */,
				DE531A3A2848E6AD00383973 /* BaseURLProtocol.swift */,
				DE531A3C2848E6B200383973 /* APIProtocol.swift */,
				DEA468FD284B23A500746133 /* Coordinator.swift */,
			);
			path = Protocol;
			sourceTree = "<group>";
		};
		DE531A352848E67000383973 /* Extension */ = {
			isa = PBXGroup;
			children = (
				DE531A362848E68B00383973 /* URLRequest+Initializer.swift */,
				DE531A5028499CE500383973 /* UIImageView+Load+Cache.swift */,
				DE531A5428499ED200383973 /* Int+OmitDigit.swift */,
				DEA46912284BADA000746133 /* UICollectionView+Register.swift */,
			);
			path = Extension;
			sourceTree = "<group>";
		};
		DE531A3E2848E79700383973 /* Utility */ = {
			isa = PBXGroup;
			children = (
				DE531A3F2848E7AF00383973 /* JSONParser.swift */,
				DE531A5228499CFE00383973 /* ImageCacheManager.swift */,
			);
			path = Utility;
			sourceTree = "<group>";
		};
		DE531A432848FD8100383973 /* ViewModel */ = {
			isa = PBXGroup;
			children = (
				DE531A5A2849BA9600383973 /* AppListViewModel.swift */,
				DEA46901284B2A1D00746133 /* AppListViewAction.swift */,
				DE531A562849A96300383973 /* ListCellViewModel.swift */,
			);
			path = ViewModel;
			sourceTree = "<group>";
		};
		DE531A442848FD8900383973 /* View */ = {
			isa = PBXGroup;
			children = (
				DE531A172848C1EC00383973 /* AppListViewController.swift */,
				DE531A4928490DA500383973 /* ListCell.swift */,
			);
			path = View;
			sourceTree = "<group>";
		};
		DE531A4B2849115400383973 /* Model */ = {
			isa = PBXGroup;
			children = (
				DE531A4C2849119400383973 /* SearchResult.swift */,
				DE531A4E2849121A00383973 /* App.swift */,
			);
			path = Model;
			sourceTree = "<group>";
		};
		DE531A612849C7CE00383973 /* AppStoreCloneTests */ = {
			isa = PBXGroup;
			children = (
				DE531A692849C7FC00383973 /* Mock */,
				DE531A622849C7CE00383973 /* AppListViewModelTests.swift */,
				DE531A6E2849C8D300383973 /* MockNetworkProviderTests.swift */,
				DE531A702849CB3A00383973 /* JSONParserTests.swift */,
			);
			path = AppStoreCloneTests;
			sourceTree = "<group>";
		};
		DE531A692849C7FC00383973 /* Mock */ = {
			isa = PBXGroup;
			children = (
				DE531A722849CDB500383973 /* MockSearchResult.json */,
				DE531A6A2849C80900383973 /* MockURLSession.swift */,
			);
			path = Mock;
			sourceTree = "<group>";
		};
		DEA46903284B2B3C00746133 /* AppDetail */ = {
			isa = PBXGroup;
			children = (
				DEA46904284B2B5200746133 /* View */,
				DEA46905284B2B5800746133 /* ViewModel */,
			);
			path = AppDetail;
			sourceTree = "<group>";
		};
		DEA46904284B2B5200746133 /* View */ = {
			isa = PBXGroup;
			children = (
				DEA46906284B2B7F00746133 /* AppDetailViewController.swift */,
				DEA4690C284B9AD800746133 /* TitleStackView.swift */,
				DEA46914284C298200746133 /* SummaryScrollView.swift */,
				DEA46916284C4FAB00746133 /* ScreenshotCell.swift */,
			);
			path = View;
			sourceTree = "<group>";
		};
		DEA46905284B2B5800746133 /* ViewModel */ = {
			isa = PBXGroup;
			children = (
				DEA46908284B449400746133 /* AppDetailViewModel.swift */,
			);
			path = ViewModel;
			sourceTree = "<group>";
		};
/* End PBXGroup section */

/* Begin PBXNativeTarget section */
		DE531A0F2848C1EC00383973 /* AppStoreClone */ = {
			isa = PBXNativeTarget;
			buildConfigurationList = DE531A242848C1EC00383973 /* Build configuration list for PBXNativeTarget "AppStoreClone" */;
			buildPhases = (
				DE531A0C2848C1EC00383973 /* Sources */,
				DE531A0D2848C1EC00383973 /* Frameworks */,
				DE531A0E2848C1EC00383973 /* Resources */,
			);
			buildRules = (
			);
			dependencies = (
			);
			name = AppStoreClone;
			packageProductDependencies = (
				DE531A282848C33300383973 /* RxCocoa */,
				DE531A2A2848C33300383973 /* RxSwift */,
			);
			productName = AppStoreClone;
			productReference = DE531A102848C1EC00383973 /* AppStoreClone.app */;
			productType = "com.apple.product-type.application";
		};
		DE531A5F2849C7CE00383973 /* AppStoreCloneTests */ = {
			isa = PBXNativeTarget;
			buildConfigurationList = DE531A662849C7CE00383973 /* Build configuration list for PBXNativeTarget "AppStoreCloneTests" */;
			buildPhases = (
				DE531A5C2849C7CE00383973 /* Sources */,
				DE531A5D2849C7CE00383973 /* Frameworks */,
				DE531A5E2849C7CE00383973 /* Resources */,
			);
			buildRules = (
			);
			dependencies = (
				DE531A652849C7CE00383973 /* PBXTargetDependency */,
			);
			name = AppStoreCloneTests;
			productName = AppStoreCloneTests;
			productReference = DE531A602849C7CE00383973 /* AppStoreCloneTests.xctest */;
			productType = "com.apple.product-type.bundle.unit-test";
		};
/* End PBXNativeTarget section */

/* Begin PBXProject section */
		DE531A082848C1EC00383973 /* Project object */ = {
			isa = PBXProject;
			attributes = {
				BuildIndependentTargetsInParallel = 1;
				LastSwiftUpdateCheck = 1340;
				LastUpgradeCheck = 1340;
				TargetAttributes = {
					DE531A0F2848C1EC00383973 = {
						CreatedOnToolsVersion = 13.4;
					};
					DE531A5F2849C7CE00383973 = {
						CreatedOnToolsVersion = 13.4;
						TestTargetID = DE531A0F2848C1EC00383973;
					};
				};
			};
			buildConfigurationList = DE531A0B2848C1EC00383973 /* Build configuration list for PBXProject "AppStoreClone" */;
			compatibilityVersion = "Xcode 13.0";
			developmentRegion = en;
			hasScannedForEncodings = 0;
			knownRegions = (
				en,
				Base,
			);
			mainGroup = DE531A072848C1EC00383973;
			packageReferences = (
				DE531A272848C33300383973 /* XCRemoteSwiftPackageReference "RxSwift" */,
			);
			productRefGroup = DE531A112848C1EC00383973 /* Products */;
			projectDirPath = "";
			projectRoot = "";
			targets = (
				DE531A0F2848C1EC00383973 /* AppStoreClone */,
				DE531A5F2849C7CE00383973 /* AppStoreCloneTests */,
			);
		};
/* End PBXProject section */

/* Begin PBXResourcesBuildPhase section */
		DE531A0E2848C1EC00383973 /* Resources */ = {
			isa = PBXResourcesBuildPhase;
			buildActionMask = 2147483647;
			files = (
				DE531A202848C1EC00383973 /* LaunchScreen.storyboard in Resources */,
				DE531A1D2848C1EC00383973 /* Assets.xcassets in Resources */,
			);
			runOnlyForDeploymentPostprocessing = 0;
		};
		DE531A5E2849C7CE00383973 /* Resources */ = {
			isa = PBXResourcesBuildPhase;
			buildActionMask = 2147483647;
			files = (
				DE531A732849CDB500383973 /* MockSearchResult.json in Resources */,
			);
			runOnlyForDeploymentPostprocessing = 0;
		};
/* End PBXResourcesBuildPhase section */

/* Begin PBXSourcesBuildPhase section */
		DE531A0C2848C1EC00383973 /* Sources */ = {
			isa = PBXSourcesBuildPhase;
			buildActionMask = 2147483647;
			files = (
				DEA46915284C298200746133 /* SummaryScrollView.swift in Sources */,
				DE531A4F2849121A00383973 /* App.swift in Sources */,
				DE531A3D2848E6B200383973 /* APIProtocol.swift in Sources */,
				DE531A572849A96300383973 /* ListCellViewModel.swift in Sources */,
				DE531A5328499CFE00383973 /* ImageCacheManager.swift in Sources */,
				DEA46902284B2A1D00746133 /* AppListViewAction.swift in Sources */,
				DE531A392848E6A700383973 /* URLSessionProtocol.swift in Sources */,
				DE531A402848E7AF00383973 /* JSONParser.swift in Sources */,
				DEA46907284B2B7F00746133 /* AppDetailViewController.swift in Sources */,
				DE531A5B2849BA9600383973 /* AppListViewModel.swift in Sources */,
				DE531A182848C1EC00383973 /* AppListViewController.swift in Sources */,
				DEA4690D284B9AD800746133 /* TitleStackView.swift in Sources */,
				DE531A372848E68B00383973 /* URLRequest+Initializer.swift in Sources */,
				DE531A332848E5A700383973 /* NetworkProvider.swift in Sources */,
				DE531A5128499CE500383973 /* UIImageView+Load+Cache.swift in Sources */,
				DE531A4A28490DA500383973 /* ListCell.swift in Sources */,
				DEA468FE284B23A500746133 /* Coordinator.swift in Sources */,
				DE531A142848C1EC00383973 /* AppDelegate.swift in Sources */,
				DE531A422848E8CE00383973 /* AppStoreURL.swift in Sources */,
				DE531A162848C1EC00383973 /* SceneDelegate.swift in Sources */,
				DEA46917284C4FAB00746133 /* ScreenshotCell.swift in Sources */,
				DEA46909284B449400746133 /* AppDetailViewModel.swift in Sources */,
				DEA468FC284B238700746133 /* FlowCoordinator.swift in Sources */,
				DE531A4D2849119400383973 /* SearchResult.swift in Sources */,
				DEA46913284BADA000746133 /* UICollectionView+Register.swift in Sources */,
				DE531A5528499ED200383973 /* Int+OmitDigit.swift in Sources */,
				DE531A3B2848E6AD00383973 /* BaseURLProtocol.swift in Sources */,
			);
			runOnlyForDeploymentPostprocessing = 0;
		};
		DE531A5C2849C7CE00383973 /* Sources */ = {
			isa = PBXSourcesBuildPhase;
			buildActionMask = 2147483647;
			files = (
				DE531A6B2849C80900383973 /* MockURLSession.swift in Sources */,
				DE531A6F2849C8D300383973 /* MockNetworkProviderTests.swift in Sources */,
				DE531A712849CB3A00383973 /* JSONParserTests.swift in Sources */,
				DE531A632849C7CE00383973 /* AppListViewModelTests.swift in Sources */,
			);
			runOnlyForDeploymentPostprocessing = 0;
		};
/* End PBXSourcesBuildPhase section */

/* Begin PBXTargetDependency section */
		DE531A652849C7CE00383973 /* PBXTargetDependency */ = {
			isa = PBXTargetDependency;
			target = DE531A0F2848C1EC00383973 /* AppStoreClone */;
			targetProxy = DE531A642849C7CE00383973 /* PBXContainerItemProxy */;
		};
/* End PBXTargetDependency section */

/* Begin PBXVariantGroup section */
		DE531A1E2848C1EC00383973 /* LaunchScreen.storyboard */ = {
			isa = PBXVariantGroup;
			children = (
				DE531A1F2848C1EC00383973 /* Base */,
			);
			name = LaunchScreen.storyboard;
			sourceTree = "<group>";
		};
/* End PBXVariantGroup section */

/* Begin XCBuildConfiguration section */
		DE531A222848C1EC00383973 /* Debug */ = {
			isa = XCBuildConfiguration;
			buildSettings = {
				ALWAYS_SEARCH_USER_PATHS = NO;
				CLANG_ANALYZER_NONNULL = YES;
				CLANG_ANALYZER_NUMBER_OBJECT_CONVERSION = YES_AGGRESSIVE;
				CLANG_CXX_LANGUAGE_STANDARD = "gnu++17";
				CLANG_ENABLE_MODULES = YES;
				CLANG_ENABLE_OBJC_ARC = YES;
				CLANG_ENABLE_OBJC_WEAK = YES;
				CLANG_WARN_BLOCK_CAPTURE_AUTORELEASING = YES;
				CLANG_WARN_BOOL_CONVERSION = YES;
				CLANG_WARN_COMMA = YES;
				CLANG_WARN_CONSTANT_CONVERSION = YES;
				CLANG_WARN_DEPRECATED_OBJC_IMPLEMENTATIONS = YES;
				CLANG_WARN_DIRECT_OBJC_ISA_USAGE = YES_ERROR;
				CLANG_WARN_DOCUMENTATION_COMMENTS = YES;
				CLANG_WARN_EMPTY_BODY = YES;
				CLANG_WARN_ENUM_CONVERSION = YES;
				CLANG_WARN_INFINITE_RECURSION = YES;
				CLANG_WARN_INT_CONVERSION = YES;
				CLANG_WARN_NON_LITERAL_NULL_CONVERSION = YES;
				CLANG_WARN_OBJC_IMPLICIT_RETAIN_SELF = YES;
				CLANG_WARN_OBJC_LITERAL_CONVERSION = YES;
				CLANG_WARN_OBJC_ROOT_CLASS = YES_ERROR;
				CLANG_WARN_QUOTED_INCLUDE_IN_FRAMEWORK_HEADER = YES;
				CLANG_WARN_RANGE_LOOP_ANALYSIS = YES;
				CLANG_WARN_STRICT_PROTOTYPES = YES;
				CLANG_WARN_SUSPICIOUS_MOVE = YES;
				CLANG_WARN_UNGUARDED_AVAILABILITY = YES_AGGRESSIVE;
				CLANG_WARN_UNREACHABLE_CODE = YES;
				CLANG_WARN__DUPLICATE_METHOD_MATCH = YES;
				COPY_PHASE_STRIP = NO;
				DEBUG_INFORMATION_FORMAT = dwarf;
				ENABLE_STRICT_OBJC_MSGSEND = YES;
				ENABLE_TESTABILITY = YES;
				GCC_C_LANGUAGE_STANDARD = gnu11;
				GCC_DYNAMIC_NO_PIC = NO;
				GCC_NO_COMMON_BLOCKS = YES;
				GCC_OPTIMIZATION_LEVEL = 0;
				GCC_PREPROCESSOR_DEFINITIONS = (
					"DEBUG=1",
					"$(inherited)",
				);
				GCC_WARN_64_TO_32_BIT_CONVERSION = YES;
				GCC_WARN_ABOUT_RETURN_TYPE = YES_ERROR;
				GCC_WARN_UNDECLARED_SELECTOR = YES;
				GCC_WARN_UNINITIALIZED_AUTOS = YES_AGGRESSIVE;
				GCC_WARN_UNUSED_FUNCTION = YES;
				GCC_WARN_UNUSED_VARIABLE = YES;
				IPHONEOS_DEPLOYMENT_TARGET = 15.5;
				MTL_ENABLE_DEBUG_INFO = INCLUDE_SOURCE;
				MTL_FAST_MATH = YES;
				ONLY_ACTIVE_ARCH = YES;
				SDKROOT = iphoneos;
				SWIFT_ACTIVE_COMPILATION_CONDITIONS = DEBUG;
				SWIFT_OPTIMIZATION_LEVEL = "-Onone";
			};
			name = Debug;
		};
		DE531A232848C1EC00383973 /* Release */ = {
			isa = XCBuildConfiguration;
			buildSettings = {
				ALWAYS_SEARCH_USER_PATHS = NO;
				CLANG_ANALYZER_NONNULL = YES;
				CLANG_ANALYZER_NUMBER_OBJECT_CONVERSION = YES_AGGRESSIVE;
				CLANG_CXX_LANGUAGE_STANDARD = "gnu++17";
				CLANG_ENABLE_MODULES = YES;
				CLANG_ENABLE_OBJC_ARC = YES;
				CLANG_ENABLE_OBJC_WEAK = YES;
				CLANG_WARN_BLOCK_CAPTURE_AUTORELEASING = YES;
				CLANG_WARN_BOOL_CONVERSION = YES;
				CLANG_WARN_COMMA = YES;
				CLANG_WARN_CONSTANT_CONVERSION = YES;
				CLANG_WARN_DEPRECATED_OBJC_IMPLEMENTATIONS = YES;
				CLANG_WARN_DIRECT_OBJC_ISA_USAGE = YES_ERROR;
				CLANG_WARN_DOCUMENTATION_COMMENTS = YES;
				CLANG_WARN_EMPTY_BODY = YES;
				CLANG_WARN_ENUM_CONVERSION = YES;
				CLANG_WARN_INFINITE_RECURSION = YES;
				CLANG_WARN_INT_CONVERSION = YES;
				CLANG_WARN_NON_LITERAL_NULL_CONVERSION = YES;
				CLANG_WARN_OBJC_IMPLICIT_RETAIN_SELF = YES;
				CLANG_WARN_OBJC_LITERAL_CONVERSION = YES;
				CLANG_WARN_OBJC_ROOT_CLASS = YES_ERROR;
				CLANG_WARN_QUOTED_INCLUDE_IN_FRAMEWORK_HEADER = YES;
				CLANG_WARN_RANGE_LOOP_ANALYSIS = YES;
				CLANG_WARN_STRICT_PROTOTYPES = YES;
				CLANG_WARN_SUSPICIOUS_MOVE = YES;
				CLANG_WARN_UNGUARDED_AVAILABILITY = YES_AGGRESSIVE;
				CLANG_WARN_UNREACHABLE_CODE = YES;
				CLANG_WARN__DUPLICATE_METHOD_MATCH = YES;
				COPY_PHASE_STRIP = NO;
				DEBUG_INFORMATION_FORMAT = "dwarf-with-dsym";
				ENABLE_NS_ASSERTIONS = NO;
				ENABLE_STRICT_OBJC_MSGSEND = YES;
				GCC_C_LANGUAGE_STANDARD = gnu11;
				GCC_NO_COMMON_BLOCKS = YES;
				GCC_WARN_64_TO_32_BIT_CONVERSION = YES;
				GCC_WARN_ABOUT_RETURN_TYPE = YES_ERROR;
				GCC_WARN_UNDECLARED_SELECTOR = YES;
				GCC_WARN_UNINITIALIZED_AUTOS = YES_AGGRESSIVE;
				GCC_WARN_UNUSED_FUNCTION = YES;
				GCC_WARN_UNUSED_VARIABLE = YES;
				IPHONEOS_DEPLOYMENT_TARGET = 15.5;
				MTL_ENABLE_DEBUG_INFO = NO;
				MTL_FAST_MATH = YES;
				SDKROOT = iphoneos;
				SWIFT_COMPILATION_MODE = wholemodule;
				SWIFT_OPTIMIZATION_LEVEL = "-O";
				VALIDATE_PRODUCT = YES;
			};
			name = Release;
		};
		DE531A252848C1EC00383973 /* Debug */ = {
			isa = XCBuildConfiguration;
			buildSettings = {
				ASSETCATALOG_COMPILER_APPICON_NAME = AppIcon;
				ASSETCATALOG_COMPILER_GLOBAL_ACCENT_COLOR_NAME = AccentColor;
				CODE_SIGN_STYLE = Automatic;
				CURRENT_PROJECT_VERSION = 1;
				DEVELOPMENT_TEAM = FA464JRW3F;
				GENERATE_INFOPLIST_FILE = YES;
				INFOPLIST_FILE = AppStoreClone/Info.plist;
				INFOPLIST_KEY_UIApplicationSupportsIndirectInputEvents = YES;
				INFOPLIST_KEY_UILaunchStoryboardName = LaunchScreen;
				INFOPLIST_KEY_UISupportedInterfaceOrientations_iPad = "UIInterfaceOrientationPortrait UIInterfaceOrientationPortraitUpsideDown UIInterfaceOrientationLandscapeLeft UIInterfaceOrientationLandscapeRight";
				INFOPLIST_KEY_UISupportedInterfaceOrientations_iPhone = "UIInterfaceOrientationPortrait UIInterfaceOrientationLandscapeLeft UIInterfaceOrientationLandscapeRight";
				LD_RUNPATH_SEARCH_PATHS = (
					"$(inherited)",
					"@executable_path/Frameworks",
				);
				MARKETING_VERSION = 1.0;
				PRODUCT_BUNDLE_IDENTIFIER = com.hojoon.AppStoreClone;
				PRODUCT_NAME = "$(TARGET_NAME)";
				SWIFT_EMIT_LOC_STRINGS = YES;
				SWIFT_VERSION = 5.0;
				TARGETED_DEVICE_FAMILY = "1,2";
			};
			name = Debug;
		};
		DE531A262848C1EC00383973 /* Release */ = {
			isa = XCBuildConfiguration;
			buildSettings = {
				ASSETCATALOG_COMPILER_APPICON_NAME = AppIcon;
				ASSETCATALOG_COMPILER_GLOBAL_ACCENT_COLOR_NAME = AccentColor;
				CODE_SIGN_STYLE = Automatic;
				CURRENT_PROJECT_VERSION = 1;
				DEVELOPMENT_TEAM = FA464JRW3F;
				GENERATE_INFOPLIST_FILE = YES;
				INFOPLIST_FILE = AppStoreClone/Info.plist;
				INFOPLIST_KEY_UIApplicationSupportsIndirectInputEvents = YES;
				INFOPLIST_KEY_UILaunchStoryboardName = LaunchScreen;
				INFOPLIST_KEY_UISupportedInterfaceOrientations_iPad = "UIInterfaceOrientationPortrait UIInterfaceOrientationPortraitUpsideDown UIInterfaceOrientationLandscapeLeft UIInterfaceOrientationLandscapeRight";
				INFOPLIST_KEY_UISupportedInterfaceOrientations_iPhone = "UIInterfaceOrientationPortrait UIInterfaceOrientationLandscapeLeft UIInterfaceOrientationLandscapeRight";
				LD_RUNPATH_SEARCH_PATHS = (
					"$(inherited)",
					"@executable_path/Frameworks",
				);
				MARKETING_VERSION = 1.0;
				PRODUCT_BUNDLE_IDENTIFIER = com.hojoon.AppStoreClone;
				PRODUCT_NAME = "$(TARGET_NAME)";
				SWIFT_EMIT_LOC_STRINGS = YES;
				SWIFT_VERSION = 5.0;
				TARGETED_DEVICE_FAMILY = "1,2";
			};
			name = Release;
		};
		DE531A672849C7CE00383973 /* Debug */ = {
			isa = XCBuildConfiguration;
			buildSettings = {
				BUNDLE_LOADER = "$(TEST_HOST)";
				CODE_SIGN_STYLE = Automatic;
				CURRENT_PROJECT_VERSION = 1;
				DEVELOPMENT_TEAM = FA464JRW3F;
				GENERATE_INFOPLIST_FILE = YES;
				MARKETING_VERSION = 1.0;
				PRODUCT_BUNDLE_IDENTIFIER = com.hojoon.AppStoreCloneTests;
				PRODUCT_NAME = "$(TARGET_NAME)";
				SWIFT_EMIT_LOC_STRINGS = NO;
				SWIFT_VERSION = 5.0;
				TARGETED_DEVICE_FAMILY = "1,2";
				TEST_HOST = "$(BUILT_PRODUCTS_DIR)/AppStoreClone.app/AppStoreClone";
			};
			name = Debug;
		};
		DE531A682849C7CE00383973 /* Release */ = {
			isa = XCBuildConfiguration;
			buildSettings = {
				BUNDLE_LOADER = "$(TEST_HOST)";
				CODE_SIGN_STYLE = Automatic;
				CURRENT_PROJECT_VERSION = 1;
				DEVELOPMENT_TEAM = FA464JRW3F;
				GENERATE_INFOPLIST_FILE = YES;
				MARKETING_VERSION = 1.0;
				PRODUCT_BUNDLE_IDENTIFIER = com.hojoon.AppStoreCloneTests;
				PRODUCT_NAME = "$(TARGET_NAME)";
				SWIFT_EMIT_LOC_STRINGS = NO;
				SWIFT_VERSION = 5.0;
				TARGETED_DEVICE_FAMILY = "1,2";
				TEST_HOST = "$(BUILT_PRODUCTS_DIR)/AppStoreClone.app/AppStoreClone";
			};
			name = Release;
		};
/* End XCBuildConfiguration section */

/* Begin XCConfigurationList section */
		DE531A0B2848C1EC00383973 /* Build configuration list for PBXProject "AppStoreClone" */ = {
			isa = XCConfigurationList;
			buildConfigurations = (
				DE531A222848C1EC00383973 /* Debug */,
				DE531A232848C1EC00383973 /* Release */,
			);
			defaultConfigurationIsVisible = 0;
			defaultConfigurationName = Release;
		};
		DE531A242848C1EC00383973 /* Build configuration list for PBXNativeTarget "AppStoreClone" */ = {
			isa = XCConfigurationList;
			buildConfigurations = (
				DE531A252848C1EC00383973 /* Debug */,
				DE531A262848C1EC00383973 /* Release */,
			);
			defaultConfigurationIsVisible = 0;
			defaultConfigurationName = Release;
		};
		DE531A662849C7CE00383973 /* Build configuration list for PBXNativeTarget "AppStoreCloneTests" */ = {
			isa = XCConfigurationList;
			buildConfigurations = (
				DE531A672849C7CE00383973 /* Debug */,
				DE531A682849C7CE00383973 /* Release */,
			);
			defaultConfigurationIsVisible = 0;
			defaultConfigurationName = Release;
		};
/* End XCConfigurationList section */

/* Begin XCRemoteSwiftPackageReference section */
		DE531A272848C33300383973 /* XCRemoteSwiftPackageReference "RxSwift" */ = {
			isa = XCRemoteSwiftPackageReference;
			repositoryURL = "https://github.com/ReactiveX/RxSwift";
			requirement = {
				kind = upToNextMajorVersion;
				minimumVersion = 6.0.0;
			};
		};
/* End XCRemoteSwiftPackageReference section */

/* Begin XCSwiftPackageProductDependency section */
		DE531A282848C33300383973 /* RxCocoa */ = {
			isa = XCSwiftPackageProductDependency;
			package = DE531A272848C33300383973 /* XCRemoteSwiftPackageReference "RxSwift" */;
			productName = RxCocoa;
		};
		DE531A2A2848C33300383973 /* RxSwift */ = {
			isa = XCSwiftPackageProductDependency;
			package = DE531A272848C33300383973 /* XCRemoteSwiftPackageReference "RxSwift" */;
			productName = RxSwift;
		};
/* End XCSwiftPackageProductDependency section */
	};
	rootObject = DE531A082848C1EC00383973 /* Project object */;
}
